
Microsoft Visual Studio Solution File, Format Version 12.00
# Visual Studio Version 17
VisualStudioVersion = 17.9.34902.65
MinimumVisualStudioVersion = 10.0.40219.1
Project("{FAE04EC0-301F-11D3-BF4B-00C04F79EFBC}") = "AvaloniaEdit", "AvaloniaEdit\AvaloniaEdit.csproj", "{B7C51C16-7171-2CEF-DEC9-E2667870E2B1}"
EndProject
Project("{FAE04EC0-301F-11D3-BF4B-00C04F79EFBC}") = "CodeSample", "CodeSample\CodeSample.csproj", "{B68EEA0C-D77B-46AC-0A5C-88ACE4BA659B}"
EndProject
Project("{9A19103F-16F7-4668-BE54-9A1E7A4F7556}") = "CSharp.NStar", "CSharp.NStar\CSharp.NStar.csproj", "{14D98B0C-51E6-454A-BA03-9265490C1EA9}"
EndProject
Project("{9A19103F-16F7-4668-BE54-9A1E7A4F7556}") = "CSharp.NStar.Desktop", "CSharp.NStar.Desktop\CSharp.NStar.Desktop.csproj", "{A4E18563-1CF6-4A2F-AD17-4E5B85EEDB86}"
EndProject
Project("{FAE04EC0-301F-11D3-BF4B-00C04F79EFBC}") = "DeclaredConstructionHelpers", "DeclaredConstructionHelpers\DeclaredConstructionHelpers.csproj", "{F718EA8C-A9C6-46E7-B2EE-37E4469C181C}"
EndProject
Project("{FAE04EC0-301F-11D3-BF4B-00C04F79EFBC}") = "DeclaredConstructions", "DeclaredConstructions\DeclaredConstructions.csproj", "{E1A27804-8080-4755-9D70-EB4866AE649C}"
EndProject
Project("{9A19103F-16F7-4668-BE54-9A1E7A4F7556}") = "MainParsing", "MainParsing\MainParsing.csproj", "{C775FC4E-A552-4839-8B0F-C568A5D8DA31}"
EndProject
Project("{FAE04EC0-301F-11D3-BF4B-00C04F79EFBC}") = "QuotesAndTreeBranch", "QuotesAndTreeBranch\QuotesAndTreeBranch.csproj", "{FE09F28C-176E-4EDA-A65C-7D6D4DA85642}"
EndProject
Project("{9A19103F-16F7-4668-BE54-9A1E7A4F7556}") = "SemanticTree", "SemanticTree\SemanticTree.csproj", "{5539C599-1CC0-4799-B57C-DF6BEF67CFA7}"
EndProject
Project("{FAE04EC0-301F-11D3-BF4B-00C04F79EFBC}") = "SerializerHelpers", "SerializerHelpers\SerializerHelpers.csproj", "{929F50E9-15A2-4C92-A13E-2DBCBAA243C3}"
EndProject
Project("{FAE04EC0-301F-11D3-BF4B-00C04F79EFBC}") = "TypeHelpers", "TypeHelpers\TypeHelpers.csproj", "{36526CE8-9512-41A1-A86F-51EF3E40A579}"
EndProject
Project("{FAE04EC0-301F-11D3-BF4B-00C04F79EFBC}") = "Universal", "Universal\Universal.csproj", "{8A55065B-4095-418B-A4D5-A26315315F5F}"
EndProject
Project("{2150E333-8FDC-42A3-9474-1A3956D46DE8}") = "Элементы решения", "Элементы решения", "{88119428-69CA-4CBB-BAA5-06CB57105135}"
	ProjectSection(SolutionItems) = preProject
		.editorconfig = .editorconfig
	EndProjectSection
EndProject
Project("{FAE04EC0-301F-11D3-BF4B-00C04F79EFBC}") = "Mpir.NET", "..\.NStar\Sources\Mpir.NET\Mpir.NET.csproj", "{46445AD7-52C5-4A52-854D-56BD3D15D926}"
EndProject
Project("{FAE04EC0-301F-11D3-BF4B-00C04F79EFBC}") = "NStar.BufferLib", "..\.NStar\Sources\NStar.BufferLib\NStar.BufferLib.csproj", "{F28891E2-C77E-0B93-EF74-A7CB68E4F426}"
EndProject
Project("{FAE04EC0-301F-11D3-BF4B-00C04F79EFBC}") = "NStar.Core", "..\.NStar\Sources\NStar.Core\NStar.Core.csproj", "{86CD691A-6928-4375-A5AF-7F40A526460B}"
EndProject
Project("{FAE04EC0-301F-11D3-BF4B-00C04F79EFBC}") = "NStar.Dictionaries", "..\.NStar\Sources\NStar.Dictionaries\NStar.Dictionaries.csproj", "{4EE1B803-A2D4-00F5-1D84-D4FA492F8977}"
EndProject
Project("{FAE04EC0-301F-11D3-BF4B-00C04F79EFBC}") = "NStar.EasyEval", "..\.NStar\Sources\NStar.EasyEval\NStar.EasyEval.csproj", "{295F3E73-5488-4EBF-ADE5-4AD0B0B89678}"
EndProject
Project("{FAE04EC0-301F-11D3-BF4B-00C04F79EFBC}") = "NStar.ExtraHS", "..\.NStar\Sources\NStar.ExtraHS\NStar.ExtraHS.csproj", "{4A2D8B5B-B27C-115A-4DDB-AD6169395F0C}"
EndProject
Project("{FAE04EC0-301F-11D3-BF4B-00C04F79EFBC}") = "NStar.ExtraReplacing", "..\.NStar\Sources\NStar.ExtraReplacing\NStar.ExtraReplacing.csproj", "{4509AB95-1A79-4E8F-96F2-A479BF24D415}"
EndProject
Project("{FAE04EC0-301F-11D3-BF4B-00C04F79EFBC}") = "NStar.Linq", "..\.NStar\Sources\NStar.Linq\NStar.Linq.csproj", "{5B3B2DDC-C558-CB6B-D3A4-0822888560EC}"
EndProject
Project("{FAE04EC0-301F-11D3-BF4B-00C04F79EFBC}") = "NStar.MathLib", "..\.NStar\Sources\NStar.MathLib\NStar.MathLib.csproj", "{B5B78828-0A51-55FC-6EBB-6B1B49F19608}"
EndProject
Project("{FAE04EC0-301F-11D3-BF4B-00C04F79EFBC}") = "NStar.MathLib.Extras", "..\.NStar\Sources\NStar.MathLib.Extras\NStar.MathLib.Extras.csproj", "{DC4167D7-A3FF-42B0-BC43-D540EAFC5CC5}"
EndProject
Project("{FAE04EC0-301F-11D3-BF4B-00C04F79EFBC}") = "NStar.ParallelHS", "..\.NStar\Sources\NStar.ParallelHS\NStar.ParallelHS.csproj", "{57E33FA3-6209-C941-EBC0-0420DCD5C388}"
EndProject
Project("{FAE04EC0-301F-11D3-BF4B-00C04F79EFBC}") = "NStar.SortedSets", "..\.NStar\Sources\NStar.SortedSets\NStar.SortedSets.csproj", "{CCF9C111-AC2F-4CC4-84FE-A2921C3BE1D8}"
EndProject
Project("{FAE04EC0-301F-11D3-BF4B-00C04F79EFBC}") = "NStar.RemoveDoubles", "..\.NStar\Sources\NStar.RemoveDoubles\NStar.RemoveDoubles.csproj", "{5DB3ADD2-176E-E23B-B323-D1E4A9DFADC3}"
EndProject
Project("{FAE04EC0-301F-11D3-BF4B-00C04F79EFBC}") = "NStar.SumCollections", "..\.NStar\Sources\NStar.SumCollections\NStar.SumCollections.csproj", "{94BA0C70-206D-E61D-782B-E0B2502F4485}"
EndProject
Project("{FAE04EC0-301F-11D3-BF4B-00C04F79EFBC}") = "NStar.TreeSets", "..\.NStar\Sources\NStar.TreeSets\NStar.TreeSets.csproj", "{8A9CA20F-F351-42D7-AF5F-C13B0C273966}"
EndProject
Global
	GlobalSection(SolutionConfigurationPlatforms) = preSolution
		Debug|Any CPU = Debug|Any CPU
		Release|Any CPU = Release|Any CPU
	EndGlobalSection
	GlobalSection(ProjectConfigurationPlatforms) = postSolution
		{14D98B0C-51E6-454A-BA03-9265490C1EA9}.Debug|Any CPU.ActiveCfg = Debug|Any CPU
		{14D98B0C-51E6-454A-BA03-9265490C1EA9}.Debug|Any CPU.Build.0 = Debug|Any CPU
		{14D98B0C-51E6-454A-BA03-9265490C1EA9}.Release|Any CPU.ActiveCfg = Release|Any CPU
		{14D98B0C-51E6-454A-BA03-9265490C1EA9}.Release|Any CPU.Build.0 = Release|Any CPU
		{A4E18563-1CF6-4A2F-AD17-4E5B85EEDB86}.Debug|Any CPU.ActiveCfg = Debug|Any CPU
		{A4E18563-1CF6-4A2F-AD17-4E5B85EEDB86}.Debug|Any CPU.Build.0 = Debug|Any CPU
		{A4E18563-1CF6-4A2F-AD17-4E5B85EEDB86}.Release|Any CPU.ActiveCfg = Release|Any CPU
		{A4E18563-1CF6-4A2F-AD17-4E5B85EEDB86}.Release|Any CPU.Build.0 = Release|Any CPU
		{F718EA8C-A9C6-46E7-B2EE-37E4469C181C}.Debug|Any CPU.ActiveCfg = Debug|Any CPU
		{F718EA8C-A9C6-46E7-B2EE-37E4469C181C}.Debug|Any CPU.Build.0 = Debug|Any CPU
		{F718EA8C-A9C6-46E7-B2EE-37E4469C181C}.Release|Any CPU.ActiveCfg = Release|Any CPU
		{F718EA8C-A9C6-46E7-B2EE-37E4469C181C}.Release|Any CPU.Build.0 = Release|Any CPU
		{E1A27804-8080-4755-9D70-EB4866AE649C}.Debug|Any CPU.ActiveCfg = Debug|Any CPU
		{E1A27804-8080-4755-9D70-EB4866AE649C}.Debug|Any CPU.Build.0 = Debug|Any CPU
		{E1A27804-8080-4755-9D70-EB4866AE649C}.Release|Any CPU.ActiveCfg = Release|Any CPU
		{E1A27804-8080-4755-9D70-EB4866AE649C}.Release|Any CPU.Build.0 = Release|Any CPU
		{C775FC4E-A552-4839-8B0F-C568A5D8DA31}.Debug|Any CPU.ActiveCfg = Debug|Any CPU
		{C775FC4E-A552-4839-8B0F-C568A5D8DA31}.Debug|Any CPU.Build.0 = Debug|Any CPU
		{C775FC4E-A552-4839-8B0F-C568A5D8DA31}.Release|Any CPU.ActiveCfg = Release|Any CPU
		{C775FC4E-A552-4839-8B0F-C568A5D8DA31}.Release|Any CPU.Build.0 = Release|Any CPU
		{FE09F28C-176E-4EDA-A65C-7D6D4DA85642}.Debug|Any CPU.ActiveCfg = Debug|Any CPU
		{FE09F28C-176E-4EDA-A65C-7D6D4DA85642}.Debug|Any CPU.Build.0 = Debug|Any CPU
		{FE09F28C-176E-4EDA-A65C-7D6D4DA85642}.Release|Any CPU.ActiveCfg = Release|Any CPU
		{FE09F28C-176E-4EDA-A65C-7D6D4DA85642}.Release|Any CPU.Build.0 = Release|Any CPU
		{5539C599-1CC0-4799-B57C-DF6BEF67CFA7}.Debug|Any CPU.ActiveCfg = Debug|Any CPU
		{5539C599-1CC0-4799-B57C-DF6BEF67CFA7}.Debug|Any CPU.Build.0 = Debug|Any CPU
		{5539C599-1CC0-4799-B57C-DF6BEF67CFA7}.Release|Any CPU.ActiveCfg = Release|Any CPU
		{5539C599-1CC0-4799-B57C-DF6BEF67CFA7}.Release|Any CPU.Build.0 = Release|Any CPU
		{929F50E9-15A2-4C92-A13E-2DBCBAA243C3}.Debug|Any CPU.ActiveCfg = Debug|Any CPU
		{929F50E9-15A2-4C92-A13E-2DBCBAA243C3}.Debug|Any CPU.Build.0 = Debug|Any CPU
		{929F50E9-15A2-4C92-A13E-2DBCBAA243C3}.Release|Any CPU.ActiveCfg = Release|Any CPU
		{929F50E9-15A2-4C92-A13E-2DBCBAA243C3}.Release|Any CPU.Build.0 = Release|Any CPU
		{36526CE8-9512-41A1-A86F-51EF3E40A579}.Debug|Any CPU.ActiveCfg = Debug|Any CPU
		{36526CE8-9512-41A1-A86F-51EF3E40A579}.Debug|Any CPU.Build.0 = Debug|Any CPU
		{36526CE8-9512-41A1-A86F-51EF3E40A579}.Release|Any CPU.ActiveCfg = Release|Any CPU
		{36526CE8-9512-41A1-A86F-51EF3E40A579}.Release|Any CPU.Build.0 = Release|Any CPU
		{8A55065B-4095-418B-A4D5-A26315315F5F}.Debug|Any CPU.ActiveCfg = Debug|Any CPU
		{8A55065B-4095-418B-A4D5-A26315315F5F}.Debug|Any CPU.Build.0 = Debug|Any CPU
		{8A55065B-4095-418B-A4D5-A26315315F5F}.Release|Any CPU.ActiveCfg = Release|Any CPU
		{8A55065B-4095-418B-A4D5-A26315315F5F}.Release|Any CPU.Build.0 = Release|Any CPU
		{46445AD7-52C5-4A52-854D-56BD3D15D926}.Debug|Any CPU.ActiveCfg = Debug|Any CPU
		{46445AD7-52C5-4A52-854D-56BD3D15D926}.Debug|Any CPU.Build.0 = Debug|Any CPU
		{46445AD7-52C5-4A52-854D-56BD3D15D926}.Release|Any CPU.ActiveCfg = Release|Any CPU
		{46445AD7-52C5-4A52-854D-56BD3D15D926}.Release|Any CPU.Build.0 = Release|Any CPU
		{F28891E2-C77E-0B93-EF74-A7CB68E4F426}.Debug|Any CPU.ActiveCfg = Debug|Any CPU
		{F28891E2-C77E-0B93-EF74-A7CB68E4F426}.Debug|Any CPU.Build.0 = Debug|Any CPU
		{F28891E2-C77E-0B93-EF74-A7CB68E4F426}.Release|Any CPU.ActiveCfg = Release|Any CPU
		{F28891E2-C77E-0B93-EF74-A7CB68E4F426}.Release|Any CPU.Build.0 = Release|Any CPU
		{86CD691A-6928-4375-A5AF-7F40A526460B}.Debug|Any CPU.ActiveCfg = Debug|Any CPU
		{86CD691A-6928-4375-A5AF-7F40A526460B}.Debug|Any CPU.Build.0 = Debug|Any CPU
		{86CD691A-6928-4375-A5AF-7F40A526460B}.Release|Any CPU.ActiveCfg = Release|Any CPU
		{86CD691A-6928-4375-A5AF-7F40A526460B}.Release|Any CPU.Build.0 = Release|Any CPU
		{4EE1B803-A2D4-00F5-1D84-D4FA492F8977}.Debug|Any CPU.ActiveCfg = Debug|Any CPU
		{4EE1B803-A2D4-00F5-1D84-D4FA492F8977}.Debug|Any CPU.Build.0 = Debug|Any CPU
		{4EE1B803-A2D4-00F5-1D84-D4FA492F8977}.Release|Any CPU.ActiveCfg = Release|Any CPU
		{4EE1B803-A2D4-00F5-1D84-D4FA492F8977}.Release|Any CPU.Build.0 = Release|Any CPU
		{295F3E73-5488-4EBF-ADE5-4AD0B0B89678}.Debug|Any CPU.ActiveCfg = Debug|Any CPU
		{295F3E73-5488-4EBF-ADE5-4AD0B0B89678}.Debug|Any CPU.Build.0 = Debug|Any CPU
		{295F3E73-5488-4EBF-ADE5-4AD0B0B89678}.Release|Any CPU.ActiveCfg = Release|Any CPU
		{295F3E73-5488-4EBF-ADE5-4AD0B0B89678}.Release|Any CPU.Build.0 = Release|Any CPU
		{4A2D8B5B-B27C-115A-4DDB-AD6169395F0C}.Debug|Any CPU.ActiveCfg = Debug|Any CPU
		{4A2D8B5B-B27C-115A-4DDB-AD6169395F0C}.Debug|Any CPU.Build.0 = Debug|Any CPU
		{4A2D8B5B-B27C-115A-4DDB-AD6169395F0C}.Release|Any CPU.ActiveCfg = Release|Any CPU
		{4A2D8B5B-B27C-115A-4DDB-AD6169395F0C}.Release|Any CPU.Build.0 = Release|Any CPU
		{4509AB95-1A79-4E8F-96F2-A479BF24D415}.Debug|Any CPU.ActiveCfg = Debug|Any CPU
		{4509AB95-1A79-4E8F-96F2-A479BF24D415}.Debug|Any CPU.Build.0 = Debug|Any CPU
		{4509AB95-1A79-4E8F-96F2-A479BF24D415}.Release|Any CPU.ActiveCfg = Release|Any CPU
		{4509AB95-1A79-4E8F-96F2-A479BF24D415}.Release|Any CPU.Build.0 = Release|Any CPU
		{5B3B2DDC-C558-CB6B-D3A4-0822888560EC}.Debug|Any CPU.ActiveCfg = Debug|Any CPU
		{5B3B2DDC-C558-CB6B-D3A4-0822888560EC}.Debug|Any CPU.Build.0 = Debug|Any CPU
		{5B3B2DDC-C558-CB6B-D3A4-0822888560EC}.Release|Any CPU.ActiveCfg = Release|Any CPU
		{5B3B2DDC-C558-CB6B-D3A4-0822888560EC}.Release|Any CPU.Build.0 = Release|Any CPU
		{B5B78828-0A51-55FC-6EBB-6B1B49F19608}.Debug|Any CPU.ActiveCfg = Debug|Any CPU
		{B5B78828-0A51-55FC-6EBB-6B1B49F19608}.Debug|Any CPU.Build.0 = Debug|Any CPU
		{B5B78828-0A51-55FC-6EBB-6B1B49F19608}.Release|Any CPU.ActiveCfg = Release|Any CPU
		{B5B78828-0A51-55FC-6EBB-6B1B49F19608}.Release|Any CPU.Build.0 = Release|Any CPU
		{DC4167D7-A3FF-42B0-BC43-D540EAFC5CC5}.Debug|Any CPU.ActiveCfg = Debug|Any CPU
		{DC4167D7-A3FF-42B0-BC43-D540EAFC5CC5}.Debug|Any CPU.Build.0 = Debug|Any CPU
		{DC4167D7-A3FF-42B0-BC43-D540EAFC5CC5}.Release|Any CPU.ActiveCfg = Release|Any CPU
		{DC4167D7-A3FF-42B0-BC43-D540EAFC5CC5}.Release|Any CPU.Build.0 = Release|Any CPU
		{57E33FA3-6209-C941-EBC0-0420DCD5C388}.Debug|Any CPU.ActiveCfg = Debug|Any CPU
		{57E33FA3-6209-C941-EBC0-0420DCD5C388}.Debug|Any CPU.Build.0 = Debug|Any CPU
		{57E33FA3-6209-C941-EBC0-0420DCD5C388}.Release|Any CPU.ActiveCfg = Release|Any CPU
		{57E33FA3-6209-C941-EBC0-0420DCD5C388}.Release|Any CPU.Build.0 = Release|Any CPU
		{CCF9C111-AC2F-4CC4-84FE-A2921C3BE1D8}.Debug|Any CPU.ActiveCfg = Debug|Any CPU
		{CCF9C111-AC2F-4CC4-84FE-A2921C3BE1D8}.Debug|Any CPU.Build.0 = Debug|Any CPU
		{CCF9C111-AC2F-4CC4-84FE-A2921C3BE1D8}.Release|Any CPU.ActiveCfg = Release|Any CPU
		{CCF9C111-AC2F-4CC4-84FE-A2921C3BE1D8}.Release|Any CPU.Build.0 = Release|Any CPU
		{5DB3ADD2-176E-E23B-B323-D1E4A9DFADC3}.Debug|Any CPU.ActiveCfg = Debug|Any CPU
		{5DB3ADD2-176E-E23B-B323-D1E4A9DFADC3}.Debug|Any CPU.Build.0 = Debug|Any CPU
		{5DB3ADD2-176E-E23B-B323-D1E4A9DFADC3}.Release|Any CPU.ActiveCfg = Release|Any CPU
		{5DB3ADD2-176E-E23B-B323-D1E4A9DFADC3}.Release|Any CPU.Build.0 = Release|Any CPU
		{94BA0C70-206D-E61D-782B-E0B2502F4485}.Debug|Any CPU.ActiveCfg = Debug|Any CPU
		{94BA0C70-206D-E61D-782B-E0B2502F4485}.Debug|Any CPU.Build.0 = Debug|Any CPU
		{94BA0C70-206D-E61D-782B-E0B2502F4485}.Release|Any CPU.ActiveCfg = Release|Any CPU
		{94BA0C70-206D-E61D-782B-E0B2502F4485}.Release|Any CPU.Build.0 = Release|Any CPU
		{8A9CA20F-F351-42D7-AF5F-C13B0C273966}.Debug|Any CPU.ActiveCfg = Debug|Any CPU
		{8A9CA20F-F351-42D7-AF5F-C13B0C273966}.Debug|Any CPU.Build.0 = Debug|Any CPU
		{8A9CA20F-F351-42D7-AF5F-C13B0C273966}.Release|Any CPU.ActiveCfg = Release|Any CPU
		{8A9CA20F-F351-42D7-AF5F-C13B0C273966}.Release|Any CPU.Build.0 = Release|Any CPU
		{B7C51C16-7171-2CEF-DEC9-E2667870E2B1}.Debug|Any CPU.ActiveCfg = Debug|Any CPU
		{B7C51C16-7171-2CEF-DEC9-E2667870E2B1}.Debug|Any CPU.Build.0 = Debug|Any CPU
		{B7C51C16-7171-2CEF-DEC9-E2667870E2B1}.Release|Any CPU.ActiveCfg = Release|Any CPU
		{B7C51C16-7171-2CEF-DEC9-E2667870E2B1}.Release|Any CPU.Build.0 = Release|Any CPU
		{B68EEA0C-D77B-46AC-0A5C-88ACE4BA659B}.Debug|Any CPU.ActiveCfg = Debug|Any CPU
		{B68EEA0C-D77B-46AC-0A5C-88ACE4BA659B}.Debug|Any CPU.Build.0 = Debug|Any CPU
		{B68EEA0C-D77B-46AC-0A5C-88ACE4BA659B}.Release|Any CPU.ActiveCfg = Release|Any CPU
		{B68EEA0C-D77B-46AC-0A5C-88ACE4BA659B}.Release|Any CPU.Build.0 = Release|Any CPU
	EndGlobalSection
	GlobalSection(SolutionProperties) = preSolution
		HideSolutionNode = FALSE
	EndGlobalSection
	GlobalSection(ExtensibilityGlobals) = postSolution
		SolutionGuid = {78507BF1-8CFD-4B1F-B3CD-83E9B6F950F5}
	EndGlobalSection
EndGlobal
